
Microsoft Visual Studio Solution File, Format Version 12.00
# Visual Studio 15
VisualStudioVersion = 15.0.28307.705
MinimumVisualStudioVersion = 10.0.40219.1
Project("{FAE04EC0-301F-11D3-BF4B-00C04F79EFBC}") = "Central", "Central\Central.csproj", "{D8B55F43-EC23-4144-85C3-0B7D19286F4E}"
EndProject
Project("{54435603-DBB4-11D2-8724-00A0C9A8B90C}") = "Setup", "Setup\Setup.vdproj", "{8D625EED-DE2C-40E6-A071-26B6CD899F26}"
EndProject
Global
	GlobalSection(SolutionConfigurationPlatforms) = preSolution
		Debug|Any CPU = Debug|Any CPU
		Release|Any CPU = Release|Any CPU
	EndGlobalSection
	GlobalSection(ProjectConfigurationPlatforms) = postSolution
		{D8B55F43-EC23-4144-85C3-0B7D19286F4E}.Debug|Any CPU.ActiveCfg = Debug|Any CPU
		{D8B55F43-EC23-4144-85C3-0B7D19286F4E}.Debug|Any CPU.Build.0 = Debug|Any CPU
		{D8B55F43-EC23-4144-85C3-0B7D19286F4E}.Release|Any CPU.ActiveCfg = Release|Any CPU
		{D8B55F43-EC23-4144-85C3-0B7D19286F4E}.Release|Any CPU.Build.0 = Release|Any CPU
		{8D625EED-DE2C-40E6-A071-26B6CD899F26}.Debug|Any CPU.ActiveCfg = Debug
		{8D625EED-DE2C-40E6-A071-26B6CD899F26}.Release|Any CPU.ActiveCfg = Release
	EndGlobalSection
	GlobalSection(SolutionProperties) = preSolution
		HideSolutionNode = FALSE
	EndGlobalSection
	GlobalSection(ExtensibilityGlobals) = postSolution
		SolutionGuid = {C061EAE5-F804-4001-9523-3C6EE2D3AB21}
	EndGlobalSection
EndGlobal
